
Microsoft Visual Studio Solution File, Format Version 12.00
# Visual Studio Version 17
VisualStudioVersion = 17.1.32328.378
MinimumVisualStudioVersion = 10.0.40219.1
Project("{FAE04EC0-301F-11D3-BF4B-00C04F79EFBC}") = "GoFly_web", "GoFly_web\GoFly_web.csproj", "{AB480E82-A79A-41C6-866F-AE30340DE663}"
EndProject
Global
	GlobalSection(SolutionConfigurationPlatforms) = preSolution
		Debug|Any CPU = Debug|Any CPU
		Release|Any CPU = Release|Any CPU
	EndGlobalSection
	GlobalSection(ProjectConfigurationPlatforms) = postSolution
		{AB480E82-A79A-41C6-866F-AE30340DE663}.Debug|Any CPU.ActiveCfg = Debug|Any CPU
		{AB480E82-A79A-41C6-866F-AE30340DE663}.Debug|Any CPU.Build.0 = Debug|Any CPU
		{AB480E82-A79A-41C6-866F-AE30340DE663}.Release|Any CPU.ActiveCfg = Release|Any CPU
		{AB480E82-A79A-41C6-866F-AE30340DE663}.Release|Any CPU.Build.0 = Release|Any CPU
	EndGlobalSection
	GlobalSection(SolutionProperties) = preSolution
		HideSolutionNode = FALSE
	EndGlobalSection
	GlobalSection(ExtensibilityGlobals) = postSolution
		SolutionGuid = {1E2C1342-6D33-4E8E-9A81-C14ED7FC46EE}
	EndGlobalSection
EndGlobal
